
Microsoft Visual Studio Solution File, Format Version 12.00
# Visual Studio Version 17
VisualStudioVersion = 17.14.36109.1
MinimumVisualStudioVersion = 10.0.40219.1
Project("{FAE04EC0-301F-11D3-BF4B-00C04F79EFBC}") = "NitsoAsset_Maui", "NitsoAsset_Maui\NitsoAsset_Maui.csproj", "{730AEC0A-0A94-45A9-81C1-A0C68233BC1D}"
EndProject
Global
	GlobalSection(SolutionConfigurationPlatforms) = preSolution
		Debug|Any CPU = Debug|Any CPU
		Debug|iPhone = Debug|iPhone
		Debug|iPhoneSimulator = Debug|iPhoneSimulator
		Release|Any CPU = Release|Any CPU
		Release|iPhone = Release|iPhone
		Release|iPhoneSimulator = Release|iPhoneSimulator
	EndGlobalSection
	GlobalSection(ProjectConfigurationPlatforms) = postSolution
		{730AEC0A-0A94-45A9-81C1-A0C68233BC1D}.Debug|Any CPU.ActiveCfg = Debug|Any CPU
		{730AEC0A-0A94-45A9-81C1-A0C68233BC1D}.Debug|Any CPU.Build.0 = Debug|Any CPU
		{730AEC0A-0A94-45A9-81C1-A0C68233BC1D}.Debug|Any CPU.Deploy.0 = Debug|Any CPU
		{730AEC0A-0A94-45A9-81C1-A0C68233BC1D}.Debug|iPhone.ActiveCfg = Debug|Any CPU
		{730AEC0A-0A94-45A9-81C1-A0C68233BC1D}.Debug|iPhone.Build.0 = Debug|Any CPU
		{730AEC0A-0A94-45A9-81C1-A0C68233BC1D}.Debug|iPhone.Deploy.0 = Debug|Any CPU
		{730AEC0A-0A94-45A9-81C1-A0C68233BC1D}.Debug|iPhoneSimulator.ActiveCfg = Debug|Any CPU
		{730AEC0A-0A94-45A9-81C1-A0C68233BC1D}.Debug|iPhoneSimulator.Build.0 = Debug|Any CPU
		{730AEC0A-0A94-45A9-81C1-A0C68233BC1D}.Debug|iPhoneSimulator.Deploy.0 = Debug|Any CPU
		{730AEC0A-0A94-45A9-81C1-A0C68233BC1D}.Release|Any CPU.ActiveCfg = Release|Any CPU
		{730AEC0A-0A94-45A9-81C1-A0C68233BC1D}.Release|Any CPU.Build.0 = Release|Any CPU
		{730AEC0A-0A94-45A9-81C1-A0C68233BC1D}.Release|Any CPU.Deploy.0 = Release|Any CPU
		{730AEC0A-0A94-45A9-81C1-A0C68233BC1D}.Release|iPhone.ActiveCfg = Release|Any CPU
		{730AEC0A-0A94-45A9-81C1-A0C68233BC1D}.Release|iPhone.Build.0 = Release|Any CPU
		{730AEC0A-0A94-45A9-81C1-A0C68233BC1D}.Release|iPhone.Deploy.0 = Release|Any CPU
		{730AEC0A-0A94-45A9-81C1-A0C68233BC1D}.Release|iPhoneSimulator.ActiveCfg = Release|Any CPU
		{730AEC0A-0A94-45A9-81C1-A0C68233BC1D}.Release|iPhoneSimulator.Build.0 = Release|Any CPU
		{730AEC0A-0A94-45A9-81C1-A0C68233BC1D}.Release|iPhoneSimulator.Deploy.0 = Release|Any CPU
	EndGlobalSection
	GlobalSection(SolutionProperties) = preSolution
		HideSolutionNode = FALSE
	EndGlobalSection
	GlobalSection(ExtensibilityGlobals) = postSolution
		SolutionGuid = {CB16980C-5C26-4F5A-B678-831D314D5A95}
	EndGlobalSection
EndGlobal
